
Microsoft Visual Studio Solution File, Format Version 12.00
# Visual Studio 2012
VisualStudioVersion = 12.0.30324.0
MinimumVisualStudioVersion = 10.0.40219.1
Project("{FAE04EC0-301F-11D3-BF4B-00C04F79EFBC}") = "SlidingPages.Bindings", "SlidingPages.Bindings\SlidingPages.Bindings.csproj", "{BDA3202F-B832-495C-BD08-7E534F30354B}"
EndProject
Project("{FAE04EC0-301F-11D3-BF4B-00C04F79EFBC}") = "Sample", "Sample\Sample.csproj", "{838EAF25-5C3D-4843-93BD-FCD6E785C730}"
EndProject
Project("{FAE04EC0-301F-11D3-BF4B-00C04F79EFBC}") = "UIScrollSlidingPages.Bindings.Nuget", "UIScrollSlidingPages.Bindings.Nuget\UIScrollSlidingPages.Bindings.Nuget.csproj", "{0451BAEF-DF2E-4B98-8644-94EE9415E389}"
EndProject
Global
	GlobalSection(SolutionConfigurationPlatforms) = preSolution
		Ad-Hoc|Any CPU = Ad-Hoc|Any CPU
		Ad-Hoc|iPhone = Ad-Hoc|iPhone
		Ad-Hoc|iPhoneSimulator = Ad-Hoc|iPhoneSimulator
		Ad-Hoc|Mixed Platforms = Ad-Hoc|Mixed Platforms
		AppStore|Any CPU = AppStore|Any CPU
		AppStore|iPhone = AppStore|iPhone
		AppStore|iPhoneSimulator = AppStore|iPhoneSimulator
		AppStore|Mixed Platforms = AppStore|Mixed Platforms
		Debug|Any CPU = Debug|Any CPU
		Debug|iPhone = Debug|iPhone
		Debug|iPhoneSimulator = Debug|iPhoneSimulator
		Debug|Mixed Platforms = Debug|Mixed Platforms
		Release|Any CPU = Release|Any CPU
		Release|iPhone = Release|iPhone
		Release|iPhoneSimulator = Release|iPhoneSimulator
		Release|Mixed Platforms = Release|Mixed Platforms
	EndGlobalSection
	GlobalSection(ProjectConfigurationPlatforms) = postSolution
		{0451BAEF-DF2E-4B98-8644-94EE9415E389}.Ad-Hoc|Any CPU.ActiveCfg = Release|Any CPU
		{0451BAEF-DF2E-4B98-8644-94EE9415E389}.Ad-Hoc|Any CPU.Build.0 = Release|Any CPU
		{0451BAEF-DF2E-4B98-8644-94EE9415E389}.Ad-Hoc|iPhone.ActiveCfg = Release|Any CPU
		{0451BAEF-DF2E-4B98-8644-94EE9415E389}.Ad-Hoc|iPhoneSimulator.ActiveCfg = Release|Any CPU
		{0451BAEF-DF2E-4B98-8644-94EE9415E389}.Ad-Hoc|Mixed Platforms.ActiveCfg = Release|Any CPU
		{0451BAEF-DF2E-4B98-8644-94EE9415E389}.Ad-Hoc|Mixed Platforms.Build.0 = Release|Any CPU
		{0451BAEF-DF2E-4B98-8644-94EE9415E389}.AppStore|Any CPU.ActiveCfg = Release|Any CPU
		{0451BAEF-DF2E-4B98-8644-94EE9415E389}.AppStore|Any CPU.Build.0 = Release|Any CPU
		{0451BAEF-DF2E-4B98-8644-94EE9415E389}.AppStore|iPhone.ActiveCfg = Release|Any CPU
		{0451BAEF-DF2E-4B98-8644-94EE9415E389}.AppStore|iPhoneSimulator.ActiveCfg = Release|Any CPU
		{0451BAEF-DF2E-4B98-8644-94EE9415E389}.AppStore|Mixed Platforms.ActiveCfg = Release|Any CPU
		{0451BAEF-DF2E-4B98-8644-94EE9415E389}.AppStore|Mixed Platforms.Build.0 = Release|Any CPU
		{0451BAEF-DF2E-4B98-8644-94EE9415E389}.Debug|Any CPU.ActiveCfg = Debug|Any CPU
		{0451BAEF-DF2E-4B98-8644-94EE9415E389}.Debug|Any CPU.Build.0 = Debug|Any CPU
		{0451BAEF-DF2E-4B98-8644-94EE9415E389}.Debug|iPhone.ActiveCfg = Debug|Any CPU
		{0451BAEF-DF2E-4B98-8644-94EE9415E389}.Debug|iPhoneSimulator.ActiveCfg = Debug|Any CPU
		{0451BAEF-DF2E-4B98-8644-94EE9415E389}.Debug|Mixed Platforms.ActiveCfg = Debug|Any CPU
		{0451BAEF-DF2E-4B98-8644-94EE9415E389}.Debug|Mixed Platforms.Build.0 = Debug|Any CPU
		{0451BAEF-DF2E-4B98-8644-94EE9415E389}.Release|Any CPU.ActiveCfg = Release|Any CPU
		{0451BAEF-DF2E-4B98-8644-94EE9415E389}.Release|Any CPU.Build.0 = Release|Any CPU
		{0451BAEF-DF2E-4B98-8644-94EE9415E389}.Release|iPhone.ActiveCfg = Release|Any CPU
		{0451BAEF-DF2E-4B98-8644-94EE9415E389}.Release|iPhone.Build.0 = Release|Any CPU
		{0451BAEF-DF2E-4B98-8644-94EE9415E389}.Release|iPhoneSimulator.ActiveCfg = Release|Any CPU
		{0451BAEF-DF2E-4B98-8644-94EE9415E389}.Release|Mixed Platforms.ActiveCfg = Release|Any CPU
		{0451BAEF-DF2E-4B98-8644-94EE9415E389}.Release|Mixed Platforms.Build.0 = Release|Any CPU
		{838EAF25-5C3D-4843-93BD-FCD6E785C730}.Ad-Hoc|Any CPU.ActiveCfg = Ad-Hoc|iPhoneSimulator
		{838EAF25-5C3D-4843-93BD-FCD6E785C730}.Ad-Hoc|iPhone.ActiveCfg = Ad-Hoc|iPhone
		{838EAF25-5C3D-4843-93BD-FCD6E785C730}.Ad-Hoc|iPhone.Build.0 = Ad-Hoc|iPhone
		{838EAF25-5C3D-4843-93BD-FCD6E785C730}.Ad-Hoc|iPhoneSimulator.ActiveCfg = Ad-Hoc|iPhoneSimulator
		{838EAF25-5C3D-4843-93BD-FCD6E785C730}.Ad-Hoc|iPhoneSimulator.Build.0 = Ad-Hoc|iPhoneSimulator
		{838EAF25-5C3D-4843-93BD-FCD6E785C730}.Ad-Hoc|iPhoneSimulator.Deploy.0 = Ad-Hoc|iPhoneSimulator
		{838EAF25-5C3D-4843-93BD-FCD6E785C730}.Ad-Hoc|Mixed Platforms.ActiveCfg = Ad-Hoc|iPhone
		{838EAF25-5C3D-4843-93BD-FCD6E785C730}.Ad-Hoc|Mixed Platforms.Build.0 = Ad-Hoc|iPhone
		{838EAF25-5C3D-4843-93BD-FCD6E785C730}.Ad-Hoc|Mixed Platforms.Deploy.0 = Ad-Hoc|iPhone
		{838EAF25-5C3D-4843-93BD-FCD6E785C730}.AppStore|Any CPU.ActiveCfg = AppStore|iPhoneSimulator
		{838EAF25-5C3D-4843-93BD-FCD6E785C730}.AppStore|iPhone.ActiveCfg = AppStore|iPhone
		{838EAF25-5C3D-4843-93BD-FCD6E785C730}.AppStore|iPhone.Build.0 = AppStore|iPhone
		{838EAF25-5C3D-4843-93BD-FCD6E785C730}.AppStore|iPhoneSimulator.ActiveCfg = AppStore|iPhoneSimulator
		{838EAF25-5C3D-4843-93BD-FCD6E785C730}.AppStore|iPhoneSimulator.Build.0 = AppStore|iPhoneSimulator
		{838EAF25-5C3D-4843-93BD-FCD6E785C730}.AppStore|iPhoneSimulator.Deploy.0 = AppStore|iPhoneSimulator
		{838EAF25-5C3D-4843-93BD-FCD6E785C730}.AppStore|Mixed Platforms.ActiveCfg = AppStore|iPhone
		{838EAF25-5C3D-4843-93BD-FCD6E785C730}.AppStore|Mixed Platforms.Build.0 = AppStore|iPhone
		{838EAF25-5C3D-4843-93BD-FCD6E785C730}.AppStore|Mixed Platforms.Deploy.0 = AppStore|iPhone
		{838EAF25-5C3D-4843-93BD-FCD6E785C730}.Debug|Any CPU.ActiveCfg = Debug|iPhoneSimulator
		{838EAF25-5C3D-4843-93BD-FCD6E785C730}.Debug|Any CPU.Build.0 = Debug|iPhoneSimulator
		{838EAF25-5C3D-4843-93BD-FCD6E785C730}.Debug|iPhone.ActiveCfg = Debug|iPhone
		{838EAF25-5C3D-4843-93BD-FCD6E785C730}.Debug|iPhone.Build.0 = Debug|iPhone
		{838EAF25-5C3D-4843-93BD-FCD6E785C730}.Debug|iPhoneSimulator.ActiveCfg = Debug|iPhoneSimulator
		{838EAF25-5C3D-4843-93BD-FCD6E785C730}.Debug|iPhoneSimulator.Build.0 = Debug|iPhoneSimulator
		{838EAF25-5C3D-4843-93BD-FCD6E785C730}.Debug|iPhoneSimulator.Deploy.0 = Debug|iPhoneSimulator
		{838EAF25-5C3D-4843-93BD-FCD6E785C730}.Debug|Mixed Platforms.ActiveCfg = Debug|iPhone
		{838EAF25-5C3D-4843-93BD-FCD6E785C730}.Debug|Mixed Platforms.Build.0 = Debug|iPhone
		{838EAF25-5C3D-4843-93BD-FCD6E785C730}.Debug|Mixed Platforms.Deploy.0 = Debug|iPhone
		{838EAF25-5C3D-4843-93BD-FCD6E785C730}.Release|Any CPU.ActiveCfg = Release|iPhoneSimulator
		{838EAF25-5C3D-4843-93BD-FCD6E785C730}.Release|Any CPU.Build.0 = Release|iPhoneSimulator
		{838EAF25-5C3D-4843-93BD-FCD6E785C730}.Release|iPhone.ActiveCfg = Release|iPhone
		{838EAF25-5C3D-4843-93BD-FCD6E785C730}.Release|iPhone.Build.0 = Release|iPhone
		{838EAF25-5C3D-4843-93BD-FCD6E785C730}.Release|iPhoneSimulator.ActiveCfg = Release|iPhoneSimulator
		{838EAF25-5C3D-4843-93BD-FCD6E785C730}.Release|iPhoneSimulator.Build.0 = Release|iPhoneSimulator
		{838EAF25-5C3D-4843-93BD-FCD6E785C730}.Release|Mixed Platforms.ActiveCfg = Release|iPhone
		{838EAF25-5C3D-4843-93BD-FCD6E785C730}.Release|Mixed Platforms.Build.0 = Release|iPhone
		{838EAF25-5C3D-4843-93BD-FCD6E785C730}.Release|Mixed Platforms.Deploy.0 = Release|iPhone
		{BDA3202F-B832-495C-BD08-7E534F30354B}.Ad-Hoc|Any CPU.ActiveCfg = Release|Any CPU
		{BDA3202F-B832-495C-BD08-7E534F30354B}.Ad-Hoc|Any CPU.Build.0 = Release|Any CPU
		{BDA3202F-B832-495C-BD08-7E534F30354B}.Ad-Hoc|iPhone.ActiveCfg = Debug|Any CPU
		{BDA3202F-B832-495C-BD08-7E534F30354B}.Ad-Hoc|iPhone.Build.0 = Debug|Any CPU
		{BDA3202F-B832-495C-BD08-7E534F30354B}.Ad-Hoc|iPhoneSimulator.ActiveCfg = Release|Any CPU
		{BDA3202F-B832-495C-BD08-7E534F30354B}.Ad-Hoc|Mixed Platforms.ActiveCfg = Debug|Any CPU
		{BDA3202F-B832-495C-BD08-7E534F30354B}.Ad-Hoc|Mixed Platforms.Build.0 = Debug|Any CPU
		{BDA3202F-B832-495C-BD08-7E534F30354B}.AppStore|Any CPU.ActiveCfg = Release|Any CPU
		{BDA3202F-B832-495C-BD08-7E534F30354B}.AppStore|Any CPU.Build.0 = Release|Any CPU
		{BDA3202F-B832-495C-BD08-7E534F30354B}.AppStore|iPhone.ActiveCfg = Debug|Any CPU
		{BDA3202F-B832-495C-BD08-7E534F30354B}.AppStore|iPhone.Build.0 = Debug|Any CPU
		{BDA3202F-B832-495C-BD08-7E534F30354B}.AppStore|iPhoneSimulator.ActiveCfg = Release|Any CPU
		{BDA3202F-B832-495C-BD08-7E534F30354B}.AppStore|Mixed Platforms.ActiveCfg = Debug|Any CPU
		{BDA3202F-B832-495C-BD08-7E534F30354B}.AppStore|Mixed Platforms.Build.0 = Debug|Any CPU
		{BDA3202F-B832-495C-BD08-7E534F30354B}.Debug|Any CPU.ActiveCfg = Debug|Any CPU
		{BDA3202F-B832-495C-BD08-7E534F30354B}.Debug|Any CPU.Build.0 = Debug|Any CPU
		{BDA3202F-B832-495C-BD08-7E534F30354B}.Debug|iPhone.ActiveCfg = Debug|Any CPU
		{BDA3202F-B832-495C-BD08-7E534F30354B}.Debug|iPhone.Build.0 = Debug|Any CPU
		{BDA3202F-B832-495C-BD08-7E534F30354B}.Debug|iPhoneSimulator.ActiveCfg = Debug|Any CPU
		{BDA3202F-B832-495C-BD08-7E534F30354B}.Debug|iPhoneSimulator.Build.0 = Debug|Any CPU
		{BDA3202F-B832-495C-BD08-7E534F30354B}.Debug|Mixed Platforms.ActiveCfg = Debug|Any CPU
		{BDA3202F-B832-495C-BD08-7E534F30354B}.Debug|Mixed Platforms.Build.0 = Debug|Any CPU
		{BDA3202F-B832-495C-BD08-7E534F30354B}.Release|Any CPU.ActiveCfg = Release|Any CPU
		{BDA3202F-B832-495C-BD08-7E534F30354B}.Release|Any CPU.Build.0 = Release|Any CPU
		{BDA3202F-B832-495C-BD08-7E534F30354B}.Release|iPhone.ActiveCfg = Release|Any CPU
		{BDA3202F-B832-495C-BD08-7E534F30354B}.Release|iPhone.Build.0 = Release|Any CPU
		{BDA3202F-B832-495C-BD08-7E534F30354B}.Release|iPhoneSimulator.ActiveCfg = Release|Any CPU
		{BDA3202F-B832-495C-BD08-7E534F30354B}.Release|iPhoneSimulator.Build.0 = Release|Any CPU
		{BDA3202F-B832-495C-BD08-7E534F30354B}.Release|Mixed Platforms.ActiveCfg = Release|Any CPU
		{BDA3202F-B832-495C-BD08-7E534F30354B}.Release|Mixed Platforms.Build.0 = Release|Any CPU
	EndGlobalSection
	GlobalSection(SolutionProperties) = preSolution
		HideSolutionNode = FALSE
	EndGlobalSection
EndGlobal
