
Microsoft Visual Studio Solution File, Format Version 12.00
# Visual Studio 2012
Project("{FAE04EC0-301F-11D3-BF4B-00C04F79EFBC}") = "SlidingPages.Bindings", "SlidingPages.Bindings\SlidingPages.Bindings.csproj", "{BDA3202F-B832-495C-BD08-7E534F30354B}"
EndProject
Global
	GlobalSection(SolutionConfigurationPlatforms) = preSolution
		Debug|Any CPU = Debug|Any CPU
		Release|Any CPU = Release|Any CPU
	EndGlobalSection
	GlobalSection(ProjectConfigurationPlatforms) = postSolution
		{BDA3202F-B832-495C-BD08-7E534F30354B}.Debug|Any CPU.ActiveCfg = Debug|Any CPU
		{BDA3202F-B832-495C-BD08-7E534F30354B}.Debug|Any CPU.Build.0 = Debug|Any CPU
		{BDA3202F-B832-495C-BD08-7E534F30354B}.Release|Any CPU.ActiveCfg = Release|Any CPU
		{BDA3202F-B832-495C-BD08-7E534F30354B}.Release|Any CPU.Build.0 = Release|Any CPU
	EndGlobalSection
	GlobalSection(MonoDevelopProperties) = preSolution
		StartupItem = SlidingPages.Bindings\SlidingPages.Bindings.csproj
	EndGlobalSection
EndGlobal
